{
  "name": "@reinjs/rein-utils",
  "version": "1.0.0",
  "lockfileVersion": 1,
  "requires": true,
  "dependencies": {
    "@evio/intersect": {
      "version": "1.0.0",
      "resolved": "http://npm.u51-inc.com/@evio/intersect/download/@evio/intersect-1.0.0.tgz",
      "integrity": "sha1-1odOdVdORh5SS+B3JmMuzNvuuWQ="
    },
    "core-util-is": {
      "version": "1.0.2",
      "resolved": "http://npm.u51-inc.com/core-util-is/download/core-util-is-1.0.2.tgz",
      "integrity": "sha1-tf1UIgqivFq1eqtxQMlAdUUDwac="
    },
    "find-root": {
      "version": "1.1.0",
      "resolved": "http://npm.u51-inc.com/find-root/download/find-root-1.1.0.tgz",
      "integrity": "sha1-q8/Iunb3CMQql7PWhbfpRQv7nOQ="
    },
    "is-class": {
      "version": "0.0.4",
      "resolved": "http://npm.u51-inc.com/is-class/download/is-class-0.0.4.tgz",
      "integrity": "sha1-4FdFFwW7NOOePjNZjJOpg3KWtzY="
    },
    "is-type-of": {
      "version": "1.2.0",
      "resolved": "http://npm.u51-inc.com/is-type-of/download/is-type-of-1.2.0.tgz",
      "integrity": "sha1-tVPLtGIa31tBceiIPzcOem7DiZU=",
      "requires": {
        "core-util-is": "1.0.2",
        "is-class": "0.0.4",
        "isstream": "0.1.2"
      }
    },
    "isstream": {
      "version": "0.1.2",
      "resolved": "http://npm.u51-inc.com/isstream/download/isstream-0.1.2.tgz",
      "integrity": "sha1-R+Y/evVa+m+S4VAOaQ64uFKcCZo="
    }
  }
}
